<?xml version="1.0" encoding="utf-8"?>
<Project ToolsVersion="4.0" xmlns="http://schemas.microsoft.com/developer/msbuild/2003">
  <ItemGroup>
    <ClInclude Include="main.h" />
    <ClInclude Include="globals.h" />
    <ClInclude Include="d3d11Device.h" />
    <ClInclude Include="d3d11DeviceContext.h" />
  </ItemGroup>
  <ItemGroup>
    <ClCompile Include="main.cpp" />
    <ClCompile Include="d3d11Exports.cpp" />
    <ClCompile Include="DLLMain.cpp" />
    <ClCompile Include="d3d11Device.cpp" />
    <ClCompile Include="d3d11DeviceContext.cpp" />
  </ItemGroup>
  <ItemGroup>
    <None Include="exports.def" />
    <None Include="..\README.md" />
  </ItemGroup>
  <ItemGroup>
    <Text Include="..\bin\Debug\d3d11InterceptorLog.txt" />
  </ItemGroup>
</Project>