<?xml version="1.0" encoding="utf-8"?>
<Project ToolsVersion="4.0" xmlns="http://schemas.microsoft.com/developer/msbuild/2003">
  <ItemGroup>
    <Filter Include="Core">
      <UniqueIdentifier>{b1023fa1-dcdd-4642-a611-7700fb97822c}</UniqueIdentifier>
    </Filter>
    <Filter Include="Shared">
      <UniqueIdentifier>{15bd9630-5015-486b-bf7b-e514c8cc633e}</UniqueIdentifier>
    </Filter>
    <Filter Include="UI">
      <UniqueIdentifier>{1e6e8584-c28c-4717-94d0-efd4f536a471}</UniqueIdentifier>
    </Filter>
    <Filter Include="Learning">
      <UniqueIdentifier>{13827184-1dda-49a8-ac44-01919881e9db}</UniqueIdentifier>
    </Filter>
    <Filter Include="Logs">
      <UniqueIdentifier>{5c134983-4148-4d73-b439-77f41e3e7cde}</UniqueIdentifier>
    </Filter>
  </ItemGroup>
  <ItemGroup>
    <ClInclude Include="main.h">
      <Filter>Core</Filter>
    </ClInclude>
    <ClInclude Include="mLibInclude.h">
      <Filter>Core</Filter>
    </ClInclude>
    <ClInclude Include="..\shared\localizedObject.h">
      <Filter>Shared</Filter>
    </ClInclude>
    <ClInclude Include="vizzer.h">
      <Filter>UI</Filter>
    </ClInclude>
    <ClInclude Include="..\shared\signatureColorMap.h">
      <Filter>Shared</Filter>
    </ClInclude>
    <ClInclude Include="..\shared\geometryDatabase.h">
      <Filter>Shared</Filter>
    </ClInclude>
    <ClInclude Include="segmentAnalyzer.h">
      <Filter>Learning</Filter>
    </ClInclude>
    <ClInclude Include="appState.h">
      <Filter>Core</Filter>
    </ClInclude>
    <ClInclude Include="character.h">
      <Filter>Learning</Filter>
    </ClInclude>
    <ClInclude Include="learningParams.h">
      <Filter>Core</Filter>
    </ClInclude>
    <ClInclude Include="datasetProcessor.h">
      <Filter>Learning</Filter>
    </ClInclude>
    <ClInclude Include="frameAlignment.h">
      <Filter>Learning</Filter>
    </ClInclude>
    <ClInclude Include="replayDatabase.h">
      <Filter>Learning</Filter>
    </ClInclude>
    <ClInclude Include="..\shared\gameReplay.h">
      <Filter>Shared</Filter>
    </ClInclude>
  </ItemGroup>
  <ItemGroup>
    <ClCompile Include="mLibSource.cpp">
      <Filter>Core</Filter>
    </ClCompile>
    <ClCompile Include="vizzer.cpp">
      <Filter>UI</Filter>
    </ClCompile>
    <ClCompile Include="..\shared\localizedObjectLearner.cpp">
      <Filter>Shared</Filter>
    </ClCompile>
    <ClCompile Include="..\shared\signatureColorMap.cpp">
      <Filter>Shared</Filter>
    </ClCompile>
    <ClCompile Include="..\shared\geometryDatabase.cpp">
      <Filter>Shared</Filter>
    </ClCompile>
    <ClCompile Include="main.cpp">
      <Filter>Core</Filter>
    </ClCompile>
    <ClCompile Include="segmentAnalyzer.cpp">
      <Filter>Learning</Filter>
    </ClCompile>
    <ClCompile Include="character.cpp">
      <Filter>Learning</Filter>
    </ClCompile>
    <ClCompile Include="datasetProcessor.cpp">
      <Filter>Learning</Filter>
    </ClCompile>
    <ClCompile Include="frameAlignment.cpp">
      <Filter>Learning</Filter>
    </ClCompile>
    <ClCompile Include="replayDatabase.cpp">
      <Filter>Learning</Filter>
    </ClCompile>
    <ClCompile Include="..\shared\gameReplay.cpp">
      <Filter>Shared</Filter>
    </ClCompile>
  </ItemGroup>
  <ItemGroup>
    <Text Include="learningParams.txt">
      <Filter>Core</Filter>
    </Text>
    <Text Include="logs\transitionFrom.txt">
      <Filter>Logs</Filter>
    </Text>
    <Text Include="logs\transitionTo.txt">
      <Filter>Logs</Filter>
    </Text>
    <Text Include="logs\animationStrengths.txt">
      <Filter>Logs</Filter>
    </Text>
    <Text Include="logs\sequences.txt">
      <Filter>Logs</Filter>
    </Text>
  </ItemGroup>
</Project>