
Microsoft Visual Studio Solution File, Format Version 12.00
# Visual Studio 2013
VisualStudioVersion = 12.0.31101.0
MinimumVisualStudioVersion = 10.0.40219.1
Project("{8BC9CEB8-8B4A-11D0-8D11-00A0C91BC942}") = "gameLearning", "gameLearning.vcxproj", "{28114563-F715-4042-A798-B2A73D9C8AC4}"
EndProject
Project("{FAE04EC0-301F-11D3-BF4B-00C04F79EFBC}") = "gameLearningUI", "..\GameLearningUI\gameLearningUI.csproj", "{FFEEBEC9-4EFD-4C8F-915C-2EA370097C75}"
EndProject
Global
	GlobalSection(SolutionConfigurationPlatforms) = preSolution
		Debug|Any CPU = Debug|Any CPU
		Debug|Mixed Platforms = Debug|Mixed Platforms
		Debug|x64 = Debug|x64
		Release|Any CPU = Release|Any CPU
		Release|Mixed Platforms = Release|Mixed Platforms
		Release|x64 = Release|x64
	EndGlobalSection
	GlobalSection(ProjectConfigurationPlatforms) = postSolution
		{28114563-F715-4042-A798-B2A73D9C8AC4}.Debug|Any CPU.ActiveCfg = Debug|x64
		{28114563-F715-4042-A798-B2A73D9C8AC4}.Debug|Mixed Platforms.ActiveCfg = Debug|x64
		{28114563-F715-4042-A798-B2A73D9C8AC4}.Debug|Mixed Platforms.Build.0 = Debug|x64
		{28114563-F715-4042-A798-B2A73D9C8AC4}.Debug|x64.ActiveCfg = Debug|x64
		{28114563-F715-4042-A798-B2A73D9C8AC4}.Debug|x64.Build.0 = Debug|x64
		{28114563-F715-4042-A798-B2A73D9C8AC4}.Release|Any CPU.ActiveCfg = Release|x64
		{28114563-F715-4042-A798-B2A73D9C8AC4}.Release|Mixed Platforms.ActiveCfg = Release|x64
		{28114563-F715-4042-A798-B2A73D9C8AC4}.Release|Mixed Platforms.Build.0 = Release|x64
		{28114563-F715-4042-A798-B2A73D9C8AC4}.Release|x64.ActiveCfg = Release|x64
		{28114563-F715-4042-A798-B2A73D9C8AC4}.Release|x64.Build.0 = Release|x64
		{FFEEBEC9-4EFD-4C8F-915C-2EA370097C75}.Debug|Any CPU.ActiveCfg = Debug|Any CPU
		{FFEEBEC9-4EFD-4C8F-915C-2EA370097C75}.Debug|Any CPU.Build.0 = Debug|Any CPU
		{FFEEBEC9-4EFD-4C8F-915C-2EA370097C75}.Debug|Mixed Platforms.ActiveCfg = Debug|Any CPU
		{FFEEBEC9-4EFD-4C8F-915C-2EA370097C75}.Debug|Mixed Platforms.Build.0 = Debug|Any CPU
		{FFEEBEC9-4EFD-4C8F-915C-2EA370097C75}.Debug|x64.ActiveCfg = Debug|Any CPU
		{FFEEBEC9-4EFD-4C8F-915C-2EA370097C75}.Release|Any CPU.ActiveCfg = Release|Any CPU
		{FFEEBEC9-4EFD-4C8F-915C-2EA370097C75}.Release|Any CPU.Build.0 = Release|Any CPU
		{FFEEBEC9-4EFD-4C8F-915C-2EA370097C75}.Release|Mixed Platforms.ActiveCfg = Release|Any CPU
		{FFEEBEC9-4EFD-4C8F-915C-2EA370097C75}.Release|Mixed Platforms.Build.0 = Release|Any CPU
		{FFEEBEC9-4EFD-4C8F-915C-2EA370097C75}.Release|x64.ActiveCfg = Release|Any CPU
	EndGlobalSection
	GlobalSection(SolutionProperties) = preSolution
		HideSolutionNode = FALSE
	EndGlobalSection
EndGlobal
